{
  "requires": true,
  "lockfileVersion": 1,
  "dependencies": {
    "@types/three": {
      "version": "0.91.10",
      "resolved": "https://registry.npmjs.org/@types/three/-/three-0.91.10.tgz",
      "integrity": "sha512-pXbvPjwPlI9S1L/oDvvYyLXNb9gVgiO6lORNdrszHCZ7RS79N0HqkTM6VFdtKiYZn3r632zmzNAXL0t6j3A9Hw==",
      "requires": {
        "@types/webvr-api": "0.0.34"
      }
    },
    "@types/webvr-api": {
      "version": "0.0.34",
      "resolved": "https://registry.npmjs.org/@types/webvr-api/-/webvr-api-0.0.34.tgz",
      "integrity": "sha512-gVAPKK+L1blPJCFnUDmkIdRfIU8xbwl05MDXPRjnjoeDXUUzR6frPuyx9RQz+OCodmxlBcJOkjVTMTZi1BcuZw=="
    }
  }
}
